<?xml version="1.0" encoding="utf-8"?>
<Project ToolsVersion="4.0" xmlns="http://schemas.microsoft.com/developer/msbuild/2003">
  <ItemGroup>
    <Filter Include="bessel">
      <UniqueIdentifier>{456237F1-D3A5-4376-A066-2A32D752A205}</UniqueIdentifier>
      <Extensions>cpp;c;cc;cxx;def;odl;idl;hpj;bat;asm;asmx</Extensions>
    </Filter>
  </ItemGroup>
  <ItemGroup>
    <ClCompile Include="bessel_main.cpp">
      <Filter>bessel</Filter>
    </ClCompile>
  </ItemGroup>
</Project>